
Microsoft Visual Studio Solution File, Format Version 12.00
# Visual Studio Version 17
VisualStudioVersion = 17.3.32804.467
MinimumVisualStudioVersion = 10.0.40219.1
Project("{9A19103F-16F7-4668-BE54-9A1E7A4F7556}") = "BestTimeToBuyAndSellStock", "BestTimeToBuyAndSellStock\BestTimeToBuyAndSellStock.csproj", "{27165381-A219-4A42-AE09-ADA1BC0DCEEF}"
EndProject
Project("{9A19103F-16F7-4668-BE54-9A1E7A4F7556}") = "ValidParentheses", "ValidParentheses\ValidParentheses.csproj", "{7615757A-DBCD-49E8-BB23-20AD5DB9B357}"
EndProject
Project("{9A19103F-16F7-4668-BE54-9A1E7A4F7556}") = "InvertBinaryTree", "InvertBinaryTree\InvertBinaryTree.csproj", "{4786E54B-60EC-456D-B966-271C15D597F1}"
EndProject
Project("{9A19103F-16F7-4668-BE54-9A1E7A4F7556}") = "704.BinarySearch", "704.BinarySearch\704.BinarySearch.csproj", "{D493224E-636E-4C2B-93DA-F18C75BA9D6D}"
EndProject
Project("{9A19103F-16F7-4668-BE54-9A1E7A4F7556}") = "242.ValidAnagram", "242.ValidAnagram\242.ValidAnagram.csproj", "{3D65119C-6D7A-4DE0-B0D1-2D0756A33C7E}"
EndProject
Project("{9A19103F-16F7-4668-BE54-9A1E7A4F7556}") = "125.ValidPalindrome", "125.ValidPalindrome\125.ValidPalindrome.csproj", "{E1BC38CA-264C-402D-864C-CE03329CED9C}"
EndProject
Project("{9A19103F-16F7-4668-BE54-9A1E7A4F7556}") = "21.MergeTwoSortedLists", "21.MergeTwoSortedLists\21.MergeTwoSortedLists.csproj", "{A1563D9B-937A-48F4-959D-90D077039671}"
EndProject
Project("{9A19103F-16F7-4668-BE54-9A1E7A4F7556}") = "121.BestTimetoBuyAndSellStock", "121.BestTimetoBuyAndSellStock\121.BestTimetoBuyAndSellStock.csproj", "{085BCA4B-CB80-4AB9-BFCA-7B8F37FFD973}"
EndProject
Project("{9A19103F-16F7-4668-BE54-9A1E7A4F7556}") = "733.FloodFill", "733.FloodFill\733.FloodFill.csproj", "{8BF65D3F-5045-4503-8A70-19711457EB42}"
EndProject
Project("{9A19103F-16F7-4668-BE54-9A1E7A4F7556}") = "235.LowestCommonAncestorOfABinarySearchTree", "235.LowestCommonAncestorOfABinarySearchTree\235.LowestCommonAncestorOfABinarySearchTree.csproj", "{B201E86F-DE06-4B09-A69D-3664B7E7F790}"
EndProject
Project("{9A19103F-16F7-4668-BE54-9A1E7A4F7556}") = "110.BalancedBinaryTree", "110.BalancedBinaryTree\110.BalancedBinaryTree.csproj", "{DBCC0836-42C3-4D32-A9A9-05A5E12874B1}"
EndProject
Project("{9A19103F-16F7-4668-BE54-9A1E7A4F7556}") = "141.LinkedListCycle", "141.LinkedListCycle\141.LinkedListCycle.csproj", "{45B3D91D-FD1B-48CD-BFFB-547F4E8F0030}"
EndProject
Project("{9A19103F-16F7-4668-BE54-9A1E7A4F7556}") = "232.ImplementQueueUsingStacks", "232.ImplementQueueUsingStacks\232.ImplementQueueUsingStacks.csproj", "{F77199F5-5989-4E9E-934A-0BE4A9297E02}"
EndProject
Project("{9A19103F-16F7-4668-BE54-9A1E7A4F7556}") = "278.FirstBadVersion", "278.FirstBadVersion\278.FirstBadVersion.csproj", "{E37DF870-5235-4267-B977-CB84BE073845}"
EndProject
Project("{FAE04EC0-301F-11D3-BF4B-00C04F79EFBC}") = "383.RansomNote", "383.RansomNote\383.RansomNote.csproj", "{34A833B0-1317-4B00-B67A-3A1ABF834D1A}"
EndProject
Global
	GlobalSection(SolutionConfigurationPlatforms) = preSolution
		Debug|Any CPU = Debug|Any CPU
		Release|Any CPU = Release|Any CPU
	EndGlobalSection
	GlobalSection(ProjectConfigurationPlatforms) = postSolution
		{27165381-A219-4A42-AE09-ADA1BC0DCEEF}.Debug|Any CPU.ActiveCfg = Debug|Any CPU
		{27165381-A219-4A42-AE09-ADA1BC0DCEEF}.Debug|Any CPU.Build.0 = Debug|Any CPU
		{27165381-A219-4A42-AE09-ADA1BC0DCEEF}.Release|Any CPU.ActiveCfg = Release|Any CPU
		{27165381-A219-4A42-AE09-ADA1BC0DCEEF}.Release|Any CPU.Build.0 = Release|Any CPU
		{7615757A-DBCD-49E8-BB23-20AD5DB9B357}.Debug|Any CPU.ActiveCfg = Debug|Any CPU
		{7615757A-DBCD-49E8-BB23-20AD5DB9B357}.Debug|Any CPU.Build.0 = Debug|Any CPU
		{7615757A-DBCD-49E8-BB23-20AD5DB9B357}.Release|Any CPU.ActiveCfg = Release|Any CPU
		{7615757A-DBCD-49E8-BB23-20AD5DB9B357}.Release|Any CPU.Build.0 = Release|Any CPU
		{4786E54B-60EC-456D-B966-271C15D597F1}.Debug|Any CPU.ActiveCfg = Debug|Any CPU
		{4786E54B-60EC-456D-B966-271C15D597F1}.Debug|Any CPU.Build.0 = Debug|Any CPU
		{4786E54B-60EC-456D-B966-271C15D597F1}.Release|Any CPU.ActiveCfg = Release|Any CPU
		{4786E54B-60EC-456D-B966-271C15D597F1}.Release|Any CPU.Build.0 = Release|Any CPU
		{D493224E-636E-4C2B-93DA-F18C75BA9D6D}.Debug|Any CPU.ActiveCfg = Debug|Any CPU
		{D493224E-636E-4C2B-93DA-F18C75BA9D6D}.Debug|Any CPU.Build.0 = Debug|Any CPU
		{D493224E-636E-4C2B-93DA-F18C75BA9D6D}.Release|Any CPU.ActiveCfg = Release|Any CPU
		{D493224E-636E-4C2B-93DA-F18C75BA9D6D}.Release|Any CPU.Build.0 = Release|Any CPU
		{3D65119C-6D7A-4DE0-B0D1-2D0756A33C7E}.Debug|Any CPU.ActiveCfg = Debug|Any CPU
		{3D65119C-6D7A-4DE0-B0D1-2D0756A33C7E}.Debug|Any CPU.Build.0 = Debug|Any CPU
		{3D65119C-6D7A-4DE0-B0D1-2D0756A33C7E}.Release|Any CPU.ActiveCfg = Release|Any CPU
		{3D65119C-6D7A-4DE0-B0D1-2D0756A33C7E}.Release|Any CPU.Build.0 = Release|Any CPU
		{E1BC38CA-264C-402D-864C-CE03329CED9C}.Debug|Any CPU.ActiveCfg = Debug|Any CPU
		{E1BC38CA-264C-402D-864C-CE03329CED9C}.Debug|Any CPU.Build.0 = Debug|Any CPU
		{E1BC38CA-264C-402D-864C-CE03329CED9C}.Release|Any CPU.ActiveCfg = Release|Any CPU
		{E1BC38CA-264C-402D-864C-CE03329CED9C}.Release|Any CPU.Build.0 = Release|Any CPU
		{A1563D9B-937A-48F4-959D-90D077039671}.Debug|Any CPU.ActiveCfg = Debug|Any CPU
		{A1563D9B-937A-48F4-959D-90D077039671}.Debug|Any CPU.Build.0 = Debug|Any CPU
		{A1563D9B-937A-48F4-959D-90D077039671}.Release|Any CPU.ActiveCfg = Release|Any CPU
		{A1563D9B-937A-48F4-959D-90D077039671}.Release|Any CPU.Build.0 = Release|Any CPU
		{085BCA4B-CB80-4AB9-BFCA-7B8F37FFD973}.Debug|Any CPU.ActiveCfg = Debug|Any CPU
		{085BCA4B-CB80-4AB9-BFCA-7B8F37FFD973}.Debug|Any CPU.Build.0 = Debug|Any CPU
		{085BCA4B-CB80-4AB9-BFCA-7B8F37FFD973}.Release|Any CPU.ActiveCfg = Release|Any CPU
		{085BCA4B-CB80-4AB9-BFCA-7B8F37FFD973}.Release|Any CPU.Build.0 = Release|Any CPU
		{8BF65D3F-5045-4503-8A70-19711457EB42}.Debug|Any CPU.ActiveCfg = Debug|Any CPU
		{8BF65D3F-5045-4503-8A70-19711457EB42}.Debug|Any CPU.Build.0 = Debug|Any CPU
		{8BF65D3F-5045-4503-8A70-19711457EB42}.Release|Any CPU.ActiveCfg = Release|Any CPU
		{8BF65D3F-5045-4503-8A70-19711457EB42}.Release|Any CPU.Build.0 = Release|Any CPU
		{B201E86F-DE06-4B09-A69D-3664B7E7F790}.Debug|Any CPU.ActiveCfg = Debug|Any CPU
		{B201E86F-DE06-4B09-A69D-3664B7E7F790}.Debug|Any CPU.Build.0 = Debug|Any CPU
		{B201E86F-DE06-4B09-A69D-3664B7E7F790}.Release|Any CPU.ActiveCfg = Release|Any CPU
		{B201E86F-DE06-4B09-A69D-3664B7E7F790}.Release|Any CPU.Build.0 = Release|Any CPU
		{DBCC0836-42C3-4D32-A9A9-05A5E12874B1}.Debug|Any CPU.ActiveCfg = Debug|Any CPU
		{DBCC0836-42C3-4D32-A9A9-05A5E12874B1}.Debug|Any CPU.Build.0 = Debug|Any CPU
		{DBCC0836-42C3-4D32-A9A9-05A5E12874B1}.Release|Any CPU.ActiveCfg = Release|Any CPU
		{DBCC0836-42C3-4D32-A9A9-05A5E12874B1}.Release|Any CPU.Build.0 = Release|Any CPU
		{45B3D91D-FD1B-48CD-BFFB-547F4E8F0030}.Debug|Any CPU.ActiveCfg = Debug|Any CPU
		{45B3D91D-FD1B-48CD-BFFB-547F4E8F0030}.Debug|Any CPU.Build.0 = Debug|Any CPU
		{45B3D91D-FD1B-48CD-BFFB-547F4E8F0030}.Release|Any CPU.ActiveCfg = Release|Any CPU
		{45B3D91D-FD1B-48CD-BFFB-547F4E8F0030}.Release|Any CPU.Build.0 = Release|Any CPU
		{F77199F5-5989-4E9E-934A-0BE4A9297E02}.Debug|Any CPU.ActiveCfg = Debug|Any CPU
		{F77199F5-5989-4E9E-934A-0BE4A9297E02}.Debug|Any CPU.Build.0 = Debug|Any CPU
		{F77199F5-5989-4E9E-934A-0BE4A9297E02}.Release|Any CPU.ActiveCfg = Release|Any CPU
		{F77199F5-5989-4E9E-934A-0BE4A9297E02}.Release|Any CPU.Build.0 = Release|Any CPU
		{E37DF870-5235-4267-B977-CB84BE073845}.Debug|Any CPU.ActiveCfg = Debug|Any CPU
		{E37DF870-5235-4267-B977-CB84BE073845}.Debug|Any CPU.Build.0 = Debug|Any CPU
		{E37DF870-5235-4267-B977-CB84BE073845}.Release|Any CPU.ActiveCfg = Release|Any CPU
		{E37DF870-5235-4267-B977-CB84BE073845}.Release|Any CPU.Build.0 = Release|Any CPU
		{34A833B0-1317-4B00-B67A-3A1ABF834D1A}.Debug|Any CPU.ActiveCfg = Debug|Any CPU
		{34A833B0-1317-4B00-B67A-3A1ABF834D1A}.Debug|Any CPU.Build.0 = Debug|Any CPU
		{34A833B0-1317-4B00-B67A-3A1ABF834D1A}.Release|Any CPU.ActiveCfg = Release|Any CPU
		{34A833B0-1317-4B00-B67A-3A1ABF834D1A}.Release|Any CPU.Build.0 = Release|Any CPU
	EndGlobalSection
	GlobalSection(SolutionProperties) = preSolution
		HideSolutionNode = FALSE
	EndGlobalSection
	GlobalSection(ExtensibilityGlobals) = postSolution
		SolutionGuid = {53E66AAE-E383-4DE8-BB47-C3E333715A00}
	EndGlobalSection
EndGlobal
