
Microsoft Visual Studio Solution File, Format Version 12.00
# Visual Studio Version 17
VisualStudioVersion = 17.3.32804.467
MinimumVisualStudioVersion = 10.0.40219.1
Project("{9A19103F-16F7-4668-BE54-9A1E7A4F7556}") = "BestTimeToBuyAndSellStock", "BestTimeToBuyAndSellStock\BestTimeToBuyAndSellStock.csproj", "{27165381-A219-4A42-AE09-ADA1BC0DCEEF}"
EndProject
Project("{FAE04EC0-301F-11D3-BF4B-00C04F79EFBC}") = "ValidParentheses", "ValidParentheses\ValidParentheses.csproj", "{7615757A-DBCD-49E8-BB23-20AD5DB9B357}"
EndProject
Global
	GlobalSection(SolutionConfigurationPlatforms) = preSolution
		Debug|Any CPU = Debug|Any CPU
		Release|Any CPU = Release|Any CPU
	EndGlobalSection
	GlobalSection(ProjectConfigurationPlatforms) = postSolution
		{27165381-A219-4A42-AE09-ADA1BC0DCEEF}.Debug|Any CPU.ActiveCfg = Debug|Any CPU
		{27165381-A219-4A42-AE09-ADA1BC0DCEEF}.Debug|Any CPU.Build.0 = Debug|Any CPU
		{27165381-A219-4A42-AE09-ADA1BC0DCEEF}.Release|Any CPU.ActiveCfg = Release|Any CPU
		{27165381-A219-4A42-AE09-ADA1BC0DCEEF}.Release|Any CPU.Build.0 = Release|Any CPU
		{7615757A-DBCD-49E8-BB23-20AD5DB9B357}.Debug|Any CPU.ActiveCfg = Debug|Any CPU
		{7615757A-DBCD-49E8-BB23-20AD5DB9B357}.Debug|Any CPU.Build.0 = Debug|Any CPU
		{7615757A-DBCD-49E8-BB23-20AD5DB9B357}.Release|Any CPU.ActiveCfg = Release|Any CPU
		{7615757A-DBCD-49E8-BB23-20AD5DB9B357}.Release|Any CPU.Build.0 = Release|Any CPU
	EndGlobalSection
	GlobalSection(SolutionProperties) = preSolution
		HideSolutionNode = FALSE
	EndGlobalSection
	GlobalSection(ExtensibilityGlobals) = postSolution
		SolutionGuid = {53E66AAE-E383-4DE8-BB47-C3E333715A00}
	EndGlobalSection
EndGlobal
